
Microsoft Visual Studio Solution File, Format Version 12.00
# Visual Studio Version 17
VisualStudioVersion = 17.6.33815.320
MinimumVisualStudioVersion = 10.0.40219.1
Project("{FAE04EC0-301F-11D3-BF4B-00C04F79EFBC}") = "Memory.Net", "Memory.Net.csproj", "{9F6A69B6-7BB9-4B67-B96A-7970C21966B9}"
EndProject
Global
	GlobalSection(SolutionConfigurationPlatforms) = preSolution
		Debug|Any CPU = Debug|Any CPU
		Release|Any CPU = Release|Any CPU
	EndGlobalSection
	GlobalSection(ProjectConfigurationPlatforms) = postSolution
		{9F6A69B6-7BB9-4B67-B96A-7970C21966B9}.Debug|Any CPU.ActiveCfg = Debug|Any CPU
		{9F6A69B6-7BB9-4B67-B96A-7970C21966B9}.Debug|Any CPU.Build.0 = Debug|Any CPU
		{9F6A69B6-7BB9-4B67-B96A-7970C21966B9}.Release|Any CPU.ActiveCfg = Release|Any CPU
		{9F6A69B6-7BB9-4B67-B96A-7970C21966B9}.Release|Any CPU.Build.0 = Release|Any CPU
	EndGlobalSection
	GlobalSection(SolutionProperties) = preSolution
		HideSolutionNode = FALSE
	EndGlobalSection
	GlobalSection(ExtensibilityGlobals) = postSolution
		SolutionGuid = {A7B95B40-116D-4AF1-8B6C-ED9006081E8D}
	EndGlobalSection
EndGlobal
